
Microsoft Visual Studio Solution File, Format Version 12.00
# Visual Studio Version 16
VisualStudioVersion = 16.0.29613.14
MinimumVisualStudioVersion = 10.0.40219.1
Project("{9A19103F-16F7-4668-BE54-9A1E7A4F7556}") = "CircuitBreaker", "CircuitBreakerDemo\CircuitBreaker.csproj", "{8C2FD3F6-00D0-472E-95B2-07AA97D1C4EA}"
EndProject
Project("{2150E333-8FDC-42A3-9474-1A3956D46DE8}") = "Solution Items", "Solution Items", "{3EED1828-1DB2-4ECC-BD3D-881DDDD38EC0}"
	ProjectSection(SolutionItems) = preProject
		.editorconfig = .editorconfig
	EndProjectSection
EndProject
Project("{FAE04EC0-301F-11D3-BF4B-00C04F79EFBC}") = "CircuitBreakerApi", "CircuitBreakerApi\CircuitBreakerApi.csproj", "{6B4913FB-D42F-4444-BC7D-C40363A448D8}"
EndProject
Global
	GlobalSection(SolutionConfigurationPlatforms) = preSolution
		Debug|Any CPU = Debug|Any CPU
		Release|Any CPU = Release|Any CPU
	EndGlobalSection
	GlobalSection(ProjectConfigurationPlatforms) = postSolution
		{8C2FD3F6-00D0-472E-95B2-07AA97D1C4EA}.Debug|Any CPU.ActiveCfg = Debug|Any CPU
		{8C2FD3F6-00D0-472E-95B2-07AA97D1C4EA}.Debug|Any CPU.Build.0 = Debug|Any CPU
		{8C2FD3F6-00D0-472E-95B2-07AA97D1C4EA}.Release|Any CPU.ActiveCfg = Release|Any CPU
		{8C2FD3F6-00D0-472E-95B2-07AA97D1C4EA}.Release|Any CPU.Build.0 = Release|Any CPU
		{6B4913FB-D42F-4444-BC7D-C40363A448D8}.Debug|Any CPU.ActiveCfg = Debug|Any CPU
		{6B4913FB-D42F-4444-BC7D-C40363A448D8}.Debug|Any CPU.Build.0 = Debug|Any CPU
		{6B4913FB-D42F-4444-BC7D-C40363A448D8}.Release|Any CPU.ActiveCfg = Release|Any CPU
		{6B4913FB-D42F-4444-BC7D-C40363A448D8}.Release|Any CPU.Build.0 = Release|Any CPU
	EndGlobalSection
	GlobalSection(SolutionProperties) = preSolution
		HideSolutionNode = FALSE
	EndGlobalSection
	GlobalSection(ExtensibilityGlobals) = postSolution
		SolutionGuid = {643C1E0A-5260-4449-A2D4-CCCA0756CC19}
	EndGlobalSection
EndGlobal
